Microsoft Visual Studio Solution File, Format Version 12.00
# Visual Studio Version 17
VisualStudioVersion = 17.5.2.0
MinimumVisualStudioVersion = 10.0.40219.1
Project("{2150E333-8FDC-42A3-9474-1A3956D46DE8}") = "backend", "backend", "{1AE8ACA6-933B-BF2A-3671-3E2EAC007D16}"
EndProject
Project("{2150E333-8FDC-42A3-9474-1A3956D46DE8}") = "tanglish-api", "tanglish-api", "{99830390-F98C-6AE5-F301-9B4204BD47ED}"
EndProject
Project("{FAE04EC0-301F-11D3-BF4B-00C04F79EFBC}") = "Tanglish.Api", "backend\tanglish-api\Tanglish.Api.csproj", "{FC370AA8-E3FC-3B8C-BF61-339F05089486}"
EndProject
Global
	GlobalSection(SolutionConfigurationPlatforms) = preSolution
		Debug|Any CPU = Debug|Any CPU
		Release|Any CPU = Release|Any CPU
	EndGlobalSection
	GlobalSection(ProjectConfigurationPlatforms) = postSolution
		{FC370AA8-E3FC-3B8C-BF61-339F05089486}.Debug|Any CPU.ActiveCfg = Debug|Any CPU
		{FC370AA8-E3FC-3B8C-BF61-339F05089486}.Debug|Any CPU.Build.0 = Debug|Any CPU
		{FC370AA8-E3FC-3B8C-BF61-339F05089486}.Release|Any CPU.ActiveCfg = Release|Any CPU
		{FC370AA8-E3FC-3B8C-BF61-339F05089486}.Release|Any CPU.Build.0 = Release|Any CPU
	EndGlobalSection
	GlobalSection(SolutionProperties) = preSolution
		HideSolutionNode = FALSE
	EndGlobalSection
	GlobalSection(NestedProjects) = preSolution
		{99830390-F98C-6AE5-F301-9B4204BD47ED} = {1AE8ACA6-933B-BF2A-3671-3E2EAC007D16}
		{FC370AA8-E3FC-3B8C-BF61-339F05089486} = {99830390-F98C-6AE5-F301-9B4204BD47ED}
	EndGlobalSection
	GlobalSection(ExtensibilityGlobals) = postSolution
		SolutionGuid = {CB48C920-68C1-47A4-8CCB-398C84A0070D}
	EndGlobalSection
EndGlobal
